
Microsoft Visual Studio Solution File, Format Version 12.00
# Visual Studio Version 17
VisualStudioVersion = 17.3.32804.467
MinimumVisualStudioVersion = 10.0.40219.1
Project("{FAE04EC0-301F-11D3-BF4B-00C04F79EFBC}") = "MVC_2022_Macoratti", "MVC_2022_Macoratti\MVC_2022_Macoratti.csproj", "{A43C972C-5F69-4A9E-A40C-2D3EB46B0D16}"
EndProject
Global
	GlobalSection(SolutionConfigurationPlatforms) = preSolution
		Debug|Any CPU = Debug|Any CPU
		Release|Any CPU = Release|Any CPU
	EndGlobalSection
	GlobalSection(ProjectConfigurationPlatforms) = postSolution
		{A43C972C-5F69-4A9E-A40C-2D3EB46B0D16}.Debug|Any CPU.ActiveCfg = Debug|Any CPU
		{A43C972C-5F69-4A9E-A40C-2D3EB46B0D16}.Debug|Any CPU.Build.0 = Debug|Any CPU
		{A43C972C-5F69-4A9E-A40C-2D3EB46B0D16}.Release|Any CPU.ActiveCfg = Release|Any CPU
		{A43C972C-5F69-4A9E-A40C-2D3EB46B0D16}.Release|Any CPU.Build.0 = Release|Any CPU
	EndGlobalSection
	GlobalSection(SolutionProperties) = preSolution
		HideSolutionNode = FALSE
	EndGlobalSection
	GlobalSection(ExtensibilityGlobals) = postSolution
		SolutionGuid = {A9D52A69-D314-4DE0-9A53-739D1C6E2688}
	EndGlobalSection
EndGlobal
